
Microsoft Visual Studio Solution File, Format Version 12.00
# Visual Studio Version 17
VisualStudioVersion = 17.13.35919.96 d17.13
MinimumVisualStudioVersion = 10.0.40219.1
Project("{FAE04EC0-301F-11D3-BF4B-00C04F79EFBC}") = "WebAPIAuth", "WebAPIAuth.csproj", "{69C18D70-012D-4675-BE62-6C644E975771}"
EndProject
Global
	GlobalSection(SolutionConfigurationPlatforms) = preSolution
		Debug|Any CPU = Debug|Any CPU
		Release|Any CPU = Release|Any CPU
	EndGlobalSection
	GlobalSection(ProjectConfigurationPlatforms) = postSolution
		{69C18D70-012D-4675-BE62-6C644E975771}.Debug|Any CPU.ActiveCfg = Debug|Any CPU
		{69C18D70-012D-4675-BE62-6C644E975771}.Debug|Any CPU.Build.0 = Debug|Any CPU
		{69C18D70-012D-4675-BE62-6C644E975771}.Release|Any CPU.ActiveCfg = Release|Any CPU
		{69C18D70-012D-4675-BE62-6C644E975771}.Release|Any CPU.Build.0 = Release|Any CPU
	EndGlobalSection
	GlobalSection(SolutionProperties) = preSolution
		HideSolutionNode = FALSE
	EndGlobalSection
	GlobalSection(ExtensibilityGlobals) = postSolution
		SolutionGuid = {8E9F60BA-D72D-408B-A11D-FA986D4D7EF0}
	EndGlobalSection
EndGlobal
